
Microsoft Visual Studio Solution File, Format Version 12.00
Project("{FAE04EC0-301F-11D3-BF4B-00C04F79EFBC}") = "mltoolcli", "mltoolcli\mltoolcli.csproj", "{65A2BDEC-D11A-4B96-8CC8-C6F1C96EB113}"
EndProject
Global
	GlobalSection(SolutionConfigurationPlatforms) = preSolution
		Debug|Any CPU = Debug|Any CPU
		Release|Any CPU = Release|Any CPU
	EndGlobalSection
	GlobalSection(ProjectConfigurationPlatforms) = postSolution
		{65A2BDEC-D11A-4B96-8CC8-C6F1C96EB113}.Debug|Any CPU.ActiveCfg = Debug|Any CPU
		{65A2BDEC-D11A-4B96-8CC8-C6F1C96EB113}.Debug|Any CPU.Build.0 = Debug|Any CPU
		{65A2BDEC-D11A-4B96-8CC8-C6F1C96EB113}.Release|Any CPU.ActiveCfg = Release|Any CPU
		{65A2BDEC-D11A-4B96-8CC8-C6F1C96EB113}.Release|Any CPU.Build.0 = Release|Any CPU
	EndGlobalSection
EndGlobal
